Microsoft Visual Studio Solution File, Format Version 12.00
# Visual Studio Version 17
VisualStudioVersion = 17.5.2.0
MinimumVisualStudioVersion = 10.0.40219.1
Project("{FAE04EC0-301F-11D3-BF4B-00C04F79EFBC}") = "DotNet.Sample", "DotNet.Sample.csproj", "{7D46C8BE-2314-4543-92C0-C75D82C85805}"
EndProject
Global
	GlobalSection(SolutionConfigurationPlatforms) = preSolution
		Debug|Any CPU = Debug|Any CPU
		Release|Any CPU = Release|Any CPU
	EndGlobalSection
	GlobalSection(ProjectConfigurationPlatforms) = postSolution
		{7D46C8BE-2314-4543-92C0-C75D82C85805}.Debug|Any CPU.ActiveCfg = Debug|Any CPU
		{7D46C8BE-2314-4543-92C0-C75D82C85805}.Debug|Any CPU.Build.0 = Debug|Any CPU
		{7D46C8BE-2314-4543-92C0-C75D82C85805}.Release|Any CPU.ActiveCfg = Release|Any CPU
		{7D46C8BE-2314-4543-92C0-C75D82C85805}.Release|Any CPU.Build.0 = Release|Any CPU
	EndGlobalSection
	GlobalSection(SolutionProperties) = preSolution
		HideSolutionNode = FALSE
	EndGlobalSection
	GlobalSection(ExtensibilityGlobals) = postSolution
		SolutionGuid = {491147C8-0C8C-4AEE-AE46-984FD0408BBB}
	EndGlobalSection
EndGlobal
